
Microsoft Visual Studio Solution File, Format Version 12.00
# Visual Studio 15
VisualStudioVersion = 15.0.27428.2043
MinimumVisualStudioVersion = 10.0.40219.1
Project("{FAE04EC0-301F-11D3-BF4B-00C04F79EFBC}") = "WordAddIn1", "WordAddIn1\WordAddIn1.csproj", "{11C91EE8-10ED-4130-BAD9-91374AF4EC57}"
EndProject
Global
	GlobalSection(SolutionConfigurationPlatforms) = preSolution
		Debug|Any CPU = Debug|Any CPU
		Release|Any CPU = Release|Any CPU
	EndGlobalSection
	GlobalSection(ProjectConfigurationPlatforms) = postSolution
		{11C91EE8-10ED-4130-BAD9-91374AF4EC57}.Debug|Any CPU.ActiveCfg = Debug|Any CPU
		{11C91EE8-10ED-4130-BAD9-91374AF4EC57}.Debug|Any CPU.Build.0 = Debug|Any CPU
		{11C91EE8-10ED-4130-BAD9-91374AF4EC57}.Release|Any CPU.ActiveCfg = Release|Any CPU
		{11C91EE8-10ED-4130-BAD9-91374AF4EC57}.Release|Any CPU.Build.0 = Release|Any CPU
	EndGlobalSection
	GlobalSection(SolutionProperties) = preSolution
		HideSolutionNode = FALSE
	EndGlobalSection
	GlobalSection(ExtensibilityGlobals) = postSolution
		SolutionGuid = {7970A89E-4B3F-40FF-A279-3E6FEE2D522C}
	EndGlobalSection
EndGlobal
